{
  "name": "schublade",
  "version": "0.1.0",
  "lockfileVersion": 3,
  "requires": true,
  "packages": {
    "": {
      "name": "schublade",
      "version": "0.1.0",
      "hasInstallScript": true,
      "license": "MIT",
      "bin": {
        "schublade": "npm/bin/schublade.js"
      },
      "engines": {
        "node": ">=18"
      }
    }
  }
}
