{
  "name": "schublade",
  "version": "0.1.0",
  "lockfileVersion": 3,
  "requires": true,
  "packages": {
    "": {
      "name": "schublade",
      "version": "0.1.0",
      "license": "MIT",
      "bin": {
        "schublade": "npm/bin/schublade.js"
      },
      "optionalDependencies": {
        "@schublade/cli-darwin-arm64": "0.1.0",
        "@schublade/cli-darwin-x64": "0.1.0",
        "@schublade/cli-linux-arm64": "0.1.0",
        "@schublade/cli-linux-x64": "0.1.0",
        "@schublade/cli-win32-arm64": "0.1.0",
        "@schublade/cli-win32-x64": "0.1.0"
      },
      "engines": {
        "node": ">=18"
      }
    }
  }
}
